
Microsoft Visual Studio Solution File, Format Version 12.00
# Visual Studio Version 17
VisualStudioVersion = 17.7.34031.279
MinimumVisualStudioVersion = 10.0.40219.1
Project("{FAE04EC0-301F-11D3-BF4B-00C04F79EFBC}") = "TaskFive", "TaskFive\TaskFive.csproj", "{949EDF20-BDD4-4166-8E28-38871988854E}"
EndProject
Project("{FAE04EC0-301F-11D3-BF4B-00C04F79EFBC}") = "ChatHost", "ChatHost\ChatHost.csproj", "{3E898785-0EC7-442F-A192-310AB2E261C0}"
EndProject
Project("{FAE04EC0-301F-11D3-BF4B-00C04F79EFBC}") = "ChatClient", "ChatClient\ChatClient.csproj", "{D3CC7D7F-F7F1-478A-AB08-EB7B92A246BA}"
EndProject
Global
	GlobalSection(SolutionConfigurationPlatforms) = preSolution
		Debug|Any CPU = Debug|Any CPU
		Release|Any CPU = Release|Any CPU
	EndGlobalSection
	GlobalSection(ProjectConfigurationPlatforms) = postSolution
		{949EDF20-BDD4-4166-8E28-38871988854E}.Debug|Any CPU.ActiveCfg = Debug|Any CPU
		{949EDF20-BDD4-4166-8E28-38871988854E}.Debug|Any CPU.Build.0 = Debug|Any CPU
		{949EDF20-BDD4-4166-8E28-38871988854E}.Release|Any CPU.ActiveCfg = Release|Any CPU
		{949EDF20-BDD4-4166-8E28-38871988854E}.Release|Any CPU.Build.0 = Release|Any CPU
		{3E898785-0EC7-442F-A192-310AB2E261C0}.Debug|Any CPU.ActiveCfg = Debug|Any CPU
		{3E898785-0EC7-442F-A192-310AB2E261C0}.Debug|Any CPU.Build.0 = Debug|Any CPU
		{3E898785-0EC7-442F-A192-310AB2E261C0}.Release|Any CPU.ActiveCfg = Release|Any CPU
		{3E898785-0EC7-442F-A192-310AB2E261C0}.Release|Any CPU.Build.0 = Release|Any CPU
		{D3CC7D7F-F7F1-478A-AB08-EB7B92A246BA}.Debug|Any CPU.ActiveCfg = Debug|Any CPU
		{D3CC7D7F-F7F1-478A-AB08-EB7B92A246BA}.Debug|Any CPU.Build.0 = Debug|Any CPU
		{D3CC7D7F-F7F1-478A-AB08-EB7B92A246BA}.Release|Any CPU.ActiveCfg = Release|Any CPU
		{D3CC7D7F-F7F1-478A-AB08-EB7B92A246BA}.Release|Any CPU.Build.0 = Release|Any CPU
	EndGlobalSection
	GlobalSection(SolutionProperties) = preSolution
		HideSolutionNode = FALSE
	EndGlobalSection
	GlobalSection(ExtensibilityGlobals) = postSolution
		SolutionGuid = {407374BB-6E42-4E3A-9868-35089175D4F2}
	EndGlobalSection
EndGlobal
